
Microsoft Visual Studio Solution File, Format Version 12.00
# Visual Studio Version 17
VisualStudioVersion = 17.1.32328.378
MinimumVisualStudioVersion = 10.0.40219.1
Project("{9A19103F-16F7-4668-BE54-9A1E7A4F7556}") = "Relatórios2", "Relatórios2.csproj", "{59FAFA1C-7627-4414-A965-DCF0C9567E04}"
EndProject
Global
	GlobalSection(SolutionConfigurationPlatforms) = preSolution
		Debug|Any CPU = Debug|Any CPU
		Release|Any CPU = Release|Any CPU
	EndGlobalSection
	GlobalSection(ProjectConfigurationPlatforms) = postSolution
		{59FAFA1C-7627-4414-A965-DCF0C9567E04}.Debug|Any CPU.ActiveCfg = Debug|Any CPU
		{59FAFA1C-7627-4414-A965-DCF0C9567E04}.Debug|Any CPU.Build.0 = Debug|Any CPU
		{59FAFA1C-7627-4414-A965-DCF0C9567E04}.Release|Any CPU.ActiveCfg = Release|Any CPU
		{59FAFA1C-7627-4414-A965-DCF0C9567E04}.Release|Any CPU.Build.0 = Release|Any CPU
	EndGlobalSection
	GlobalSection(SolutionProperties) = preSolution
		HideSolutionNode = FALSE
	EndGlobalSection
	GlobalSection(ExtensibilityGlobals) = postSolution
		SolutionGuid = {493B97D0-D761-4723-A26F-07E9DE85831C}
	EndGlobalSection
EndGlobal
